
Microsoft Visual Studio Solution File, Format Version 12.00
# Visual Studio Version 16
VisualStudioVersion = 16.0.30503.244
MinimumVisualStudioVersion = 10.0.40219.1
Project("{888888A0-9F3D-457C-B088-3A5042F75D52}") = "JakAPI", "JakAPI.pyproj", "{E10939AF-0C13-47E4-8DA0-972612F75C54}"
EndProject
Global
	GlobalSection(SolutionConfigurationPlatforms) = preSolution
		Debug|Any CPU = Debug|Any CPU
		Release|Any CPU = Release|Any CPU
	EndGlobalSection
	GlobalSection(ProjectConfigurationPlatforms) = postSolution
		{E10939AF-0C13-47E4-8DA0-972612F75C54}.Debug|Any CPU.ActiveCfg = Debug|Any CPU
		{E10939AF-0C13-47E4-8DA0-972612F75C54}.Release|Any CPU.ActiveCfg = Release|Any CPU
	EndGlobalSection
	GlobalSection(SolutionProperties) = preSolution
		HideSolutionNode = FALSE
	EndGlobalSection
	GlobalSection(ExtensibilityGlobals) = postSolution
		SolutionGuid = {A72DF762-5D94-4185-824F-D80B8D6A12F8}
	EndGlobalSection
EndGlobal
